// !$*UTF8*$!
{
	archiveVersion = 1;
	classes = {
	};
	objectVersion = 56;
	objects = {

/* Begin PBXBuildFile section */
		8513B24329B847C5000FE8DD /* MainCoodinator.swift in Sources */ = {isa = PBXBuildFile; fileRef = 8513B24229B847C5000FE8DD /* MainCoodinator.swift */; };
		8513B24529B88DAC000FE8DD /* MainViewController.swift in Sources */ = {isa = PBXBuildFile; fileRef = 8513B24429B88DAC000FE8DD /* MainViewController.swift */; };
		8513B24729B895AA000FE8DD /* AGFeedItem.swift in Sources */ = {isa = PBXBuildFile; fileRef = 8513B24629B895AA000FE8DD /* AGFeedItem.swift */; };
		853B65BE29ADE50A005A5B34 /* UILabel.swift in Sources */ = {isa = PBXBuildFile; fileRef = 853B65BD29ADE50A005A5B34 /* UILabel.swift */; };
		853B65C029ADE714005A5B34 /* Snapkit.swift in Sources */ = {isa = PBXBuildFile; fileRef = 853B65BF29ADE714005A5B34 /* Snapkit.swift */; };
		853B65C229ADFF65005A5B34 /* UIButton.swift in Sources */ = {isa = PBXBuildFile; fileRef = 853B65C129ADFF65005A5B34 /* UIButton.swift */; };
		853B65C429AE016D005A5B34 /* SigninViewController.swift in Sources */ = {isa = PBXBuildFile; fileRef = 853B65C329AE016D005A5B34 /* SigninViewController.swift */; };
		853B65C629AE029C005A5B34 /* Coodinator.swift in Sources */ = {isa = PBXBuildFile; fileRef = 853B65C529AE029C005A5B34 /* Coodinator.swift */; };
		853B65C829AE02E6005A5B34 /* AppCoodinator.swift in Sources */ = {isa = PBXBuildFile; fileRef = 853B65C729AE02E6005A5B34 /* AppCoodinator.swift */; };
		853B65CA29AE04C3005A5B34 /* RootCoodinator.swift in Sources */ = {isa = PBXBuildFile; fileRef = 853B65C929AE04C3005A5B34 /* RootCoodinator.swift */; };
		853B65CC29AE4BC4005A5B34 /* SigninCoodinator.swift in Sources */ = {isa = PBXBuildFile; fileRef = 853B65CB29AE4BC4005A5B34 /* SigninCoodinator.swift */; };
		853B65CE29AE4C86005A5B34 /* AGTopBar.swift in Sources */ = {isa = PBXBuildFile; fileRef = 853B65CD29AE4C86005A5B34 /* AGTopBar.swift */; };
		853B65D029AEFF3C005A5B34 /* AGTextField.swift in Sources */ = {isa = PBXBuildFile; fileRef = 853B65CF29AEFF3C005A5B34 /* AGTextField.swift */; };
		853B65D429AF0935005A5B34 /* UITextField.swift in Sources */ = {isa = PBXBuildFile; fileRef = 853B65D329AF0935005A5B34 /* UITextField.swift */; };
		853B65D629AF0BD1005A5B34 /* AGDivideLine.swift in Sources */ = {isa = PBXBuildFile; fileRef = 853B65D529AF0BD1005A5B34 /* AGDivideLine.swift */; };
		853B65D929AF47D4005A5B34 /* RxCocoa in Frameworks */ = {isa = PBXBuildFile; productRef = 853B65D829AF47D4005A5B34 /* RxCocoa */; };
		853B65DB29AF47D4005A5B34 /* RxSwift in Frameworks */ = {isa = PBXBuildFile; productRef = 853B65DA29AF47D4005A5B34 /* RxSwift */; };
		853B65DD29AF4E7C005A5B34 /* AGBackButton.swift in Sources */ = {isa = PBXBuildFile; fileRef = 853B65DC29AF4E7C005A5B34 /* AGBackButton.swift */; };
		853B65E129AF6AC7005A5B34 /* SignupViewController.swift in Sources */ = {isa = PBXBuildFile; fileRef = 853B65E029AF6AC7005A5B34 /* SignupViewController.swift */; };
		853B65E329AFE652005A5B34 /* SignupCoodinator.swift in Sources */ = {isa = PBXBuildFile; fileRef = 853B65E229AFE652005A5B34 /* SignupCoodinator.swift */; };
		853B65E529B00D60005A5B34 /* SignupDetailViewController.swift in Sources */ = {isa = PBXBuildFile; fileRef = 853B65E429B00D60005A5B34 /* SignupDetailViewController.swift */; };
		853B65E729B0120E005A5B34 /* SignupDetailCoodinator.swift in Sources */ = {isa = PBXBuildFile; fileRef = 853B65E629B0120E005A5B34 /* SignupDetailCoodinator.swift */; };
		853B65E929B01CF4005A5B34 /* SignupAccountViewController.swift in Sources */ = {isa = PBXBuildFile; fileRef = 853B65E829B01CF4005A5B34 /* SignupAccountViewController.swift */; };
		853B65EB29B0908B005A5B34 /* SignupAccountCoodinator.swift in Sources */ = {isa = PBXBuildFile; fileRef = 853B65EA29B0908B005A5B34 /* SignupAccountCoodinator.swift */; };
		853B65ED29B093C2005A5B34 /* UserRegisterationModel.swift in Sources */ = {isa = PBXBuildFile; fileRef = 853B65EC29B093C2005A5B34 /* UserRegisterationModel.swift */; };
		853B65EF29B0BC88005A5B34 /* FeedViewController.swift in Sources */ = {isa = PBXBuildFile; fileRef = 853B65EE29B0BC88005A5B34 /* FeedViewController.swift */; };
		853B65F129B0C33A005A5B34 /* FeedCoodinator.swift in Sources */ = {isa = PBXBuildFile; fileRef = 853B65F029B0C33A005A5B34 /* FeedCoodinator.swift */; };
		853C7FEE29A8F49C00A889A9 /* UIViewController.swift in Sources */ = {isa = PBXBuildFile; fileRef = 853C7FED29A8F49C00A889A9 /* UIViewController.swift */; };
		853C7FF629AAB41500A889A9 /* UIFont.swift in Sources */ = {isa = PBXBuildFile; fileRef = 853C7FF529AAB41500A889A9 /* UIFont.swift */; };
		853C7FF829AACE2C00A889A9 /* NotoSansKR-Thin.otf in Resources */ = {isa = PBXBuildFile; fileRef = 853C7FF229A93D6100A889A9 /* NotoSansKR-Thin.otf */; };
		853C7FF929AACE2C00A889A9 /* NotoSansKR-Black.otf in Resources */ = {isa = PBXBuildFile; fileRef = 853C7FF129A93D6100A889A9 /* NotoSansKR-Black.otf */; };
		853C7FFA29AACE2C00A889A9 /* NotoSansKR-Regular.otf in Resources */ = {isa = PBXBuildFile; fileRef = 853C7FF029A93D6100A889A9 /* NotoSansKR-Regular.otf */; };
		853C7FFB29AACE2C00A889A9 /* NotoSansKR-Medium.otf in Resources */ = {isa = PBXBuildFile; fileRef = 853C7FF429A93D6200A889A9 /* NotoSansKR-Medium.otf */; };
		853C7FFC29AACE2C00A889A9 /* AllertaStencil-Regular.ttf in Resources */ = {isa = PBXBuildFile; fileRef = 853C7FF729AAC3D600A889A9 /* AllertaStencil-Regular.ttf */; };
		853C7FFD29AACE2C00A889A9 /* NotoSansKR-Light.otf in Resources */ = {isa = PBXBuildFile; fileRef = 853C7FF329A93D6100A889A9 /* NotoSansKR-Light.otf */; };
		853C7FFE29AACE2C00A889A9 /* NotoSansKR-Bold.otf in Resources */ = {isa = PBXBuildFile; fileRef = 853C7FEF29A93D6000A889A9 /* NotoSansKR-Bold.otf */; };
		853C800029AB973800A889A9 /* AGButton.swift in Sources */ = {isa = PBXBuildFile; fileRef = 853C7FFF29AB973800A889A9 /* AGButton.swift */; };
		8570108229D8068400FFFD04 /* FirebaseAuthService.swift in Sources */ = {isa = PBXBuildFile; fileRef = 8570108129D8068400FFFD04 /* FirebaseAuthService.swift */; };
		85914E0729B2F94E003BF4DC /* AGHeader.swift in Sources */ = {isa = PBXBuildFile; fileRef = 85914E0629B2F94E003BF4DC /* AGHeader.swift */; };
		85C5F83F29B99EC000B62A06 /* SearchViewController.swift in Sources */ = {isa = PBXBuildFile; fileRef = 85C5F83E29B99EC000B62A06 /* SearchViewController.swift */; };
		85C5F84229B99F4A00B62A06 /* SearchViewCoodinator.swift in Sources */ = {isa = PBXBuildFile; fileRef = 85C5F84129B99F4A00B62A06 /* SearchViewCoodinator.swift */; };
		85C5F84429B9BA1000B62A06 /* AGSearchBar.swift in Sources */ = {isa = PBXBuildFile; fileRef = 85C5F84329B9BA1000B62A06 /* AGSearchBar.swift */; };
		85C5F84629BA231D00B62A06 /* GroupGuideModalCoodinator.swift in Sources */ = {isa = PBXBuildFile; fileRef = 85C5F84529BA231D00B62A06 /* GroupGuideModalCoodinator.swift */; };
		85C5F84829BA233200B62A06 /* GroupGuideModalViewController.swift in Sources */ = {isa = PBXBuildFile; fileRef = 85C5F84729BA233200B62A06 /* GroupGuideModalViewController.swift */; };
		85C5F84A29BA2E8D00B62A06 /* GroupCoodinator.swift in Sources */ = {isa = PBXBuildFile; fileRef = 85C5F84929BA2E8D00B62A06 /* GroupCoodinator.swift */; };
		85C5F84C29BA2EDF00B62A06 /* GroupViewController.swift in Sources */ = {isa = PBXBuildFile; fileRef = 85C5F84B29BA2EDF00B62A06 /* GroupViewController.swift */; };
		85E4FA5229D4404F001F5341 /* SignupViewModel.swift in Sources */ = {isa = PBXBuildFile; fileRef = 85E4FA5129D4404F001F5341 /* SignupViewModel.swift */; };
		85E4FA5529D44605001F5341 /* FirebaseAuth in Frameworks */ = {isa = PBXBuildFile; productRef = 85E4FA5429D44605001F5341 /* FirebaseAuth */; };
		85E4FA5829D446AE001F5341 /* GoogleSignIn in Frameworks */ = {isa = PBXBuildFile; productRef = 85E4FA5729D446AE001F5341 /* GoogleSignIn */; };
		85E4FA5A29D446AE001F5341 /* GoogleSignInSwift in Frameworks */ = {isa = PBXBuildFile; productRef = 85E4FA5929D446AE001F5341 /* GoogleSignInSwift */; };
		85E4FA5F29D4FD73001F5341 /* SignupAccountViewModel.swift in Sources */ = {isa = PBXBuildFile; fileRef = 85E4FA5E29D4FD73001F5341 /* SignupAccountViewModel.swift */; };
		85E73AA62982DC1F008B0148 /* AppDelegate.swift in Sources */ = {isa = PBXBuildFile; fileRef = 85E73AA52982DC1F008B0148 /* AppDelegate.swift */; };
		85E73AA82982DC1F008B0148 /* SceneDelegate.swift in Sources */ = {isa = PBXBuildFile; fileRef = 85E73AA72982DC1F008B0148 /* SceneDelegate.swift */; };
		85E73AAA2982DC1F008B0148 /* RootViewController.swift in Sources */ = {isa = PBXBuildFile; fileRef = 85E73AA92982DC1F008B0148 /* RootViewController.swift */; };
		85E73AAD2982DC1F008B0148 /* Main.storyboard in Resources */ = {isa = PBXBuildFile; fileRef = 85E73AAB2982DC1F008B0148 /* Main.storyboard */; };
		85E73AB22982DC21008B0148 /* Assets.xcassets in Resources */ = {isa = PBXBuildFile; fileRef = 85E73AB12982DC21008B0148 /* Assets.xcassets */; };
		85E73AB52982DC21008B0148 /* LaunchScreen.storyboard in Resources */ = {isa = PBXBuildFile; fileRef = 85E73AB32982DC21008B0148 /* LaunchScreen.storyboard */; };
		85E73ABE2982DD67008B0148 /* SnapKit in Frameworks */ = {isa = PBXBuildFile; productRef = 85E73ABD2982DD67008B0148 /* SnapKit */; };
		85E73AD129840CBC008B0148 /* GoogleService-Info.plist in Resources */ = {isa = PBXBuildFile; fileRef = 85E73AD029840CBC008B0148 /* GoogleService-Info.plist */; };
/* End PBXBuildFile section */

/* Begin PBXFileReference section */
		8513B24229B847C5000FE8DD /* MainCoodinator.swift */ = {isa = PBXFileReference; lastKnownFileType = sourcecode.swift; path = MainCoodinator.swift; sourceTree = "<group>"; };
		8513B24429B88DAC000FE8DD /* MainViewController.swift */ = {isa = PBXFileReference; lastKnownFileType = sourcecode.swift; path = MainViewController.swift; sourceTree = "<group>"; };
		8513B24629B895AA000FE8DD /* AGFeedItem.swift */ = {isa = PBXFileReference; lastKnownFileType = sourcecode.swift; path = AGFeedItem.swift; sourceTree = "<group>"; };
		853B65BD29ADE50A005A5B34 /* UILabel.swift */ = {isa = PBXFileReference; lastKnownFileType = sourcecode.swift; path = UILabel.swift; sourceTree = "<group>"; };
		853B65BF29ADE714005A5B34 /* Snapkit.swift */ = {isa = PBXFileReference; lastKnownFileType = sourcecode.swift; path = Snapkit.swift; sourceTree = "<group>"; };
		853B65C129ADFF65005A5B34 /* UIButton.swift */ = {isa = PBXFileReference; lastKnownFileType = sourcecode.swift; path = UIButton.swift; sourceTree = "<group>"; };
		853B65C329AE016D005A5B34 /* SigninViewController.swift */ = {isa = PBXFileReference; lastKnownFileType = sourcecode.swift; path = SigninViewController.swift; sourceTree = "<group>"; };
		853B65C529AE029C005A5B34 /* Coodinator.swift */ = {isa = PBXFileReference; lastKnownFileType = sourcecode.swift; path = Coodinator.swift; sourceTree = "<group>"; };
		853B65C729AE02E6005A5B34 /* AppCoodinator.swift */ = {isa = PBXFileReference; lastKnownFileType = sourcecode.swift; path = AppCoodinator.swift; sourceTree = "<group>"; };
		853B65C929AE04C3005A5B34 /* RootCoodinator.swift */ = {isa = PBXFileReference; lastKnownFileType = sourcecode.swift; path = RootCoodinator.swift; sourceTree = "<group>"; };
		853B65CB29AE4BC4005A5B34 /* SigninCoodinator.swift */ = {isa = PBXFileReference; lastKnownFileType = sourcecode.swift; path = SigninCoodinator.swift; sourceTree = "<group>"; };
		853B65CD29AE4C86005A5B34 /* AGTopBar.swift */ = {isa = PBXFileReference; lastKnownFileType = sourcecode.swift; path = AGTopBar.swift; sourceTree = "<group>"; };
		853B65CF29AEFF3C005A5B34 /* AGTextField.swift */ = {isa = PBXFileReference; lastKnownFileType = sourcecode.swift; path = AGTextField.swift; sourceTree = "<group>"; };
		853B65D329AF0935005A5B34 /* UITextField.swift */ = {isa = PBXFileReference; lastKnownFileType = sourcecode.swift; path = UITextField.swift; sourceTree = "<group>"; };
		853B65D529AF0BD1005A5B34 /* AGDivideLine.swift */ = {isa = PBXFileReference; lastKnownFileType = sourcecode.swift; path = AGDivideLine.swift; sourceTree = "<group>"; };
		853B65DC29AF4E7C005A5B34 /* AGBackButton.swift */ = {isa = PBXFileReference; lastKnownFileType = sourcecode.swift; path = AGBackButton.swift; sourceTree = "<group>"; };
		853B65E029AF6AC7005A5B34 /* SignupViewController.swift */ = {isa = PBXFileReference; lastKnownFileType = sourcecode.swift; path = SignupViewController.swift; sourceTree = "<group>"; };
		853B65E229AFE652005A5B34 /* SignupCoodinator.swift */ = {isa = PBXFileReference; lastKnownFileType = sourcecode.swift; path = SignupCoodinator.swift; sourceTree = "<group>"; };
		853B65E429B00D60005A5B34 /* SignupDetailViewController.swift */ = {isa = PBXFileReference; lastKnownFileType = sourcecode.swift; path = SignupDetailViewController.swift; sourceTree = "<group>"; };
		853B65E629B0120E005A5B34 /* SignupDetailCoodinator.swift */ = {isa = PBXFileReference; lastKnownFileType = sourcecode.swift; path = SignupDetailCoodinator.swift; sourceTree = "<group>"; };
		853B65E829B01CF4005A5B34 /* SignupAccountViewController.swift */ = {isa = PBXFileReference; lastKnownFileType = sourcecode.swift; path = SignupAccountViewController.swift; sourceTree = "<group>"; };
		853B65EA29B0908B005A5B34 /* SignupAccountCoodinator.swift */ = {isa = PBXFileReference; lastKnownFileType = sourcecode.swift; path = SignupAccountCoodinator.swift; sourceTree = "<group>"; };
		853B65EC29B093C2005A5B34 /* UserRegisterationModel.swift */ = {isa = PBXFileReference; lastKnownFileType = sourcecode.swift; path = UserRegisterationModel.swift; sourceTree = "<group>"; };
		853B65EE29B0BC88005A5B34 /* FeedViewController.swift */ = {isa = PBXFileReference; lastKnownFileType = sourcecode.swift; path = FeedViewController.swift; sourceTree = "<group>"; };
		853B65F029B0C33A005A5B34 /* FeedCoodinator.swift */ = {isa = PBXFileReference; lastKnownFileType = sourcecode.swift; path = FeedCoodinator.swift; sourceTree = "<group>"; };
		853C7FED29A8F49C00A889A9 /* UIViewController.swift */ = {isa = PBXFileReference; lastKnownFileType = sourcecode.swift; path = UIViewController.swift; sourceTree = "<group>"; };
		853C7FEF29A93D6000A889A9 /* NotoSansKR-Bold.otf */ = {isa = PBXFileReference; lastKnownFileType = file; path = "NotoSansKR-Bold.otf"; sourceTree = "<group>"; };
		853C7FF029A93D6100A889A9 /* NotoSansKR-Regular.otf */ = {isa = PBXFileReference; lastKnownFileType = file; path = "NotoSansKR-Regular.otf"; sourceTree = "<group>"; };
		853C7FF129A93D6100A889A9 /* NotoSansKR-Black.otf */ = {isa = PBXFileReference; lastKnownFileType = file; path = "NotoSansKR-Black.otf"; sourceTree = "<group>"; };
		853C7FF229A93D6100A889A9 /* NotoSansKR-Thin.otf */ = {isa = PBXFileReference; lastKnownFileType = file; path = "NotoSansKR-Thin.otf"; sourceTree = "<group>"; };
		853C7FF329A93D6100A889A9 /* NotoSansKR-Light.otf */ = {isa = PBXFileReference; lastKnownFileType = file; path = "NotoSansKR-Light.otf"; sourceTree = "<group>"; };
		853C7FF429A93D6200A889A9 /* NotoSansKR-Medium.otf */ = {isa = PBXFileReference; lastKnownFileType = file; path = "NotoSansKR-Medium.otf"; sourceTree = "<group>"; };
		853C7FF529AAB41500A889A9 /* UIFont.swift */ = {isa = PBXFileReference; lastKnownFileType = sourcecode.swift; path = UIFont.swift; sourceTree = "<group>"; };
		853C7FF729AAC3D600A889A9 /* AllertaStencil-Regular.ttf */ = {isa = PBXFileReference; lastKnownFileType = file; path = "AllertaStencil-Regular.ttf"; sourceTree = "<group>"; };
		853C7FFF29AB973800A889A9 /* AGButton.swift */ = {isa = PBXFileReference; lastKnownFileType = sourcecode.swift; path = AGButton.swift; sourceTree = "<group>"; };
		8570108129D8068400FFFD04 /* FirebaseAuthService.swift */ = {isa = PBXFileReference; lastKnownFileType = sourcecode.swift; path = FirebaseAuthService.swift; sourceTree = "<group>"; };
		85914E0629B2F94E003BF4DC /* AGHeader.swift */ = {isa = PBXFileReference; lastKnownFileType = sourcecode.swift; path = AGHeader.swift; sourceTree = "<group>"; };
		85C5F83E29B99EC000B62A06 /* SearchViewController.swift */ = {isa = PBXFileReference; lastKnownFileType = sourcecode.swift; path = SearchViewController.swift; sourceTree = "<group>"; };
		85C5F84129B99F4A00B62A06 /* SearchViewCoodinator.swift */ = {isa = PBXFileReference; lastKnownFileType = sourcecode.swift; path = SearchViewCoodinator.swift; sourceTree = "<group>"; };
		85C5F84329B9BA1000B62A06 /* AGSearchBar.swift */ = {isa = PBXFileReference; lastKnownFileType = sourcecode.swift; path = AGSearchBar.swift; sourceTree = "<group>"; };
		85C5F84529BA231D00B62A06 /* GroupGuideModalCoodinator.swift */ = {isa = PBXFileReference; lastKnownFileType = sourcecode.swift; path = GroupGuideModalCoodinator.swift; sourceTree = "<group>"; };
		85C5F84729BA233200B62A06 /* GroupGuideModalViewController.swift */ = {isa = PBXFileReference; lastKnownFileType = sourcecode.swift; path = GroupGuideModalViewController.swift; sourceTree = "<group>"; };
		85C5F84929BA2E8D00B62A06 /* GroupCoodinator.swift */ = {isa = PBXFileReference; lastKnownFileType = sourcecode.swift; path = GroupCoodinator.swift; sourceTree = "<group>"; };
		85C5F84B29BA2EDF00B62A06 /* GroupViewController.swift */ = {isa = PBXFileReference; lastKnownFileType = sourcecode.swift; path = GroupViewController.swift; sourceTree = "<group>"; };
		85E4FA5129D4404F001F5341 /* SignupViewModel.swift */ = {isa = PBXFileReference; lastKnownFileType = sourcecode.swift; path = SignupViewModel.swift; sourceTree = "<group>"; };
		85E4FA5B29D449F1001F5341 /* iOS-Again.entitlements */ = {isa = PBXFileReference; lastKnownFileType = text.plist.entitlements; path = "iOS-Again.entitlements"; sourceTree = "<group>"; };
		85E4FA5E29D4FD73001F5341 /* SignupAccountViewModel.swift */ = {isa = PBXFileReference; lastKnownFileType = sourcecode.swift; path = SignupAccountViewModel.swift; sourceTree = "<group>"; };
		85E73AA22982DC1F008B0148 /* iOS-Again.app */ = {isa = PBXFileReference; explicitFileType = wrapper.application; includeInIndex = 0; path = "iOS-Again.app"; sourceTree = BUILT_PRODUCTS_DIR; };
		85E73AA52982DC1F008B0148 /* AppDelegate.swift */ = {isa = PBXFileReference; lastKnownFileType = sourcecode.swift; path = AppDelegate.swift; sourceTree = "<group>"; };
		85E73AA72982DC1F008B0148 /* SceneDelegate.swift */ = {isa = PBXFileReference; lastKnownFileType = sourcecode.swift; path = SceneDelegate.swift; sourceTree = "<group>"; };
		85E73AA92982DC1F008B0148 /* RootViewController.swift */ = {isa = PBXFileReference; lastKnownFileType = sourcecode.swift; path = RootViewController.swift; sourceTree = "<group>"; };
		85E73AAC2982DC1F008B0148 /* Base */ = {isa = PBXFileReference; lastKnownFileType = file.storyboard; name = Base; path = Base.lproj/Main.storyboard; sourceTree = "<group>"; };
		85E73AB12982DC21008B0148 /* Assets.xcassets */ = {isa = PBXFileReference; lastKnownFileType = folder.assetcatalog; path = Assets.xcassets; sourceTree = "<group>"; };
		85E73AB42982DC21008B0148 /* Base */ = {isa = PBXFileReference; lastKnownFileType = file.storyboard; name = Base; path = Base.lproj/LaunchScreen.storyboard; sourceTree = "<group>"; };
		85E73AB62982DC21008B0148 /* Info.plist */ = {isa = PBXFileReference; lastKnownFileType = text.plist.xml; path = Info.plist; sourceTree = "<group>"; };
		85E73AD029840CBC008B0148 /* GoogleService-Info.plist */ = {isa = PBXFileReference; fileEncoding = 4; lastKnownFileType = text.plist.xml; path = "GoogleService-Info.plist"; sourceTree = "<group>"; };
/* End PBXFileReference section */

/* Begin PBXFrameworksBuildPhase section */
		85E73A9F2982DC1F008B0148 /* Frameworks */ = {
			isa = PBXFrameworksBuildPhase;
			buildActionMask = 2147483647;
			files = (
				85E4FA5829D446AE001F5341 /* GoogleSignIn in Frameworks */,
				853B65DB29AF47D4005A5B34 /* RxSwift in Frameworks */,
				853B65D929AF47D4005A5B34 /* RxCocoa in Frameworks */,
				85E4FA5A29D446AE001F5341 /* GoogleSignInSwift in Frameworks */,
				85E73ABE2982DD67008B0148 /* SnapKit in Frameworks */,
				85E4FA5529D44605001F5341 /* FirebaseAuth in Frameworks */,
			);
			runOnlyForDeploymentPostprocessing = 0;
		};
/* End PBXFrameworksBuildPhase section */

/* Begin PBXGroup section */
		85C5F83329B99C0800B62A06 /* Root */ = {
			isa = PBXGroup;
			children = (
				853B65E029AF6AC7005A5B34 /* SignupViewController.swift */,
				85E73AA92982DC1F008B0148 /* RootViewController.swift */,
				853B65C329AE016D005A5B34 /* SigninViewController.swift */,
				853B65E429B00D60005A5B34 /* SignupDetailViewController.swift */,
				853B65E829B01CF4005A5B34 /* SignupAccountViewController.swift */,
			);
			path = Root;
			sourceTree = "<group>";
		};
		85C5F83429B99C3300B62A06 /* Main */ = {
			isa = PBXGroup;
			children = (
				85C5F83729B99C7200B62A06 /* Profile */,
				85C5F83629B99C6700B62A06 /* Group */,
				85C5F83529B99C5B00B62A06 /* Feed */,
				8513B24429B88DAC000FE8DD /* MainViewController.swift */,
			);
			path = Main;
			sourceTree = "<group>";
		};
		85C5F83529B99C5B00B62A06 /* Feed */ = {
			isa = PBXGroup;
			children = (
				85C5F83D29B99EB400B62A06 /* Search */,
				853B65EE29B0BC88005A5B34 /* FeedViewController.swift */,
			);
			path = Feed;
			sourceTree = "<group>";
		};
		85C5F83629B99C6700B62A06 /* Group */ = {
			isa = PBXGroup;
			children = (
				85C5F84729BA233200B62A06 /* GroupGuideModalViewController.swift */,
				85C5F84B29BA2EDF00B62A06 /* GroupViewController.swift */,
			);
			path = Group;
			sourceTree = "<group>";
		};
		85C5F83729B99C7200B62A06 /* Profile */ = {
			isa = PBXGroup;
			children = (
			);
			path = Profile;
			sourceTree = "<group>";
		};
		85C5F83829B99C7C00B62A06 /* Root */ = {
			isa = PBXGroup;
			children = (
				853B65C929AE04C3005A5B34 /* RootCoodinator.swift */,
				853B65CB29AE4BC4005A5B34 /* SigninCoodinator.swift */,
				853B65E229AFE652005A5B34 /* SignupCoodinator.swift */,
				853B65E629B0120E005A5B34 /* SignupDetailCoodinator.swift */,
				853B65EA29B0908B005A5B34 /* SignupAccountCoodinator.swift */,
			);
			path = Root;
			sourceTree = "<group>";
		};
		85C5F83929B99C8200B62A06 /* Main */ = {
			isa = PBXGroup;
			children = (
				8513B24229B847C5000FE8DD /* MainCoodinator.swift */,
				85C5F83C29B99C9700B62A06 /* Profile */,
				85C5F83B29B99C9200B62A06 /* Group */,
				85C5F83A29B99C8D00B62A06 /* Feed */,
			);
			path = Main;
			sourceTree = "<group>";
		};
		85C5F83A29B99C8D00B62A06 /* Feed */ = {
			isa = PBXGroup;
			children = (
				85C5F84029B99F3A00B62A06 /* Search */,
				853B65F029B0C33A005A5B34 /* FeedCoodinator.swift */,
			);
			path = Feed;
			sourceTree = "<group>";
		};
		85C5F83B29B99C9200B62A06 /* Group */ = {
			isa = PBXGroup;
			children = (
				85C5F84529BA231D00B62A06 /* GroupGuideModalCoodinator.swift */,
				85C5F84929BA2E8D00B62A06 /* GroupCoodinator.swift */,
			);
			path = Group;
			sourceTree = "<group>";
		};
		85C5F83C29B99C9700B62A06 /* Profile */ = {
			isa = PBXGroup;
			children = (
			);
			path = Profile;
			sourceTree = "<group>";
		};
		85C5F83D29B99EB400B62A06 /* Search */ = {
			isa = PBXGroup;
			children = (
				85C5F83E29B99EC000B62A06 /* SearchViewController.swift */,
			);
			path = Search;
			sourceTree = "<group>";
		};
		85C5F84029B99F3A00B62A06 /* Search */ = {
			isa = PBXGroup;
			children = (
				85C5F84129B99F4A00B62A06 /* SearchViewCoodinator.swift */,
			);
			path = Search;
			sourceTree = "<group>";
		};
		85E4FA4F29D43F9D001F5341 /* ViewModels */ = {
			isa = PBXGroup;
			children = (
				85E4FA5029D43FB3001F5341 /* Root */,
			);
			path = ViewModels;
			sourceTree = "<group>";
		};
		85E4FA5029D43FB3001F5341 /* Root */ = {
			isa = PBXGroup;
			children = (
				85E4FA5129D4404F001F5341 /* SignupViewModel.swift */,
				85E4FA5E29D4FD73001F5341 /* SignupAccountViewModel.swift */,
			);
			path = Root;
			sourceTree = "<group>";
		};
		85E73A992982DC1F008B0148 = {
			isa = PBXGroup;
			children = (
				85E73AA42982DC1F008B0148 /* iOS-Again */,
				85E73AA32982DC1F008B0148 /* Products */,
			);
			sourceTree = "<group>";
		};
		85E73AA32982DC1F008B0148 /* Products */ = {
			isa = PBXGroup;
			children = (
				85E73AA22982DC1F008B0148 /* iOS-Again.app */,
			);
			name = Products;
			sourceTree = "<group>";
		};
		85E73AA42982DC1F008B0148 /* iOS-Again */ = {
			isa = PBXGroup;
			children = (
				85E4FA5B29D449F1001F5341 /* iOS-Again.entitlements */,
				85E73ACD298396A0008B0148 /* Services */,
				85E73ACC29839694008B0148 /* Components */,
				85E73ACB29839689008B0148 /* Fonts */,
				85E73ACA29839677008B0148 /* Utils */,
				85E73AC92983966A008B0148 /* Coodinators */,
				85E73AC729839649008B0148 /* Models */,
				85E73AC62983961A008B0148 /* Views */,
				85E4FA4F29D43F9D001F5341 /* ViewModels */,
				85E73AA52982DC1F008B0148 /* AppDelegate.swift */,
				85E73AA72982DC1F008B0148 /* SceneDelegate.swift */,
				85E73AAB2982DC1F008B0148 /* Main.storyboard */,
				85E73AB12982DC21008B0148 /* Assets.xcassets */,
				85E73AB32982DC21008B0148 /* LaunchScreen.storyboard */,
				85E73AB62982DC21008B0148 /* Info.plist */,
				85E73AD029840CBC008B0148 /* GoogleService-Info.plist */,
			);
			path = "iOS-Again";
			sourceTree = "<group>";
		};
		85E73AC62983961A008B0148 /* Views */ = {
			isa = PBXGroup;
			children = (
				85C5F83429B99C3300B62A06 /* Main */,
				85C5F83329B99C0800B62A06 /* Root */,
			);
			path = Views;
			sourceTree = "<group>";
		};
		85E73AC729839649008B0148 /* Models */ = {
			isa = PBXGroup;
			children = (
				853B65EC29B093C2005A5B34 /* UserRegisterationModel.swift */,
			);
			path = Models;
			sourceTree = "<group>";
		};
		85E73AC92983966A008B0148 /* Coodinators */ = {
			isa = PBXGroup;
			children = (
				853B65C729AE02E6005A5B34 /* AppCoodinator.swift */,
				85C5F83929B99C8200B62A06 /* Main */,
				85C5F83829B99C7C00B62A06 /* Root */,
			);
			path = Coodinators;
			sourceTree = "<group>";
		};
		85E73ACA29839677008B0148 /* Utils */ = {
			isa = PBXGroup;
			children = (
				853C7FED29A8F49C00A889A9 /* UIViewController.swift */,
				853C7FF529AAB41500A889A9 /* UIFont.swift */,
				853B65BD29ADE50A005A5B34 /* UILabel.swift */,
				853B65BF29ADE714005A5B34 /* Snapkit.swift */,
				853B65C129ADFF65005A5B34 /* UIButton.swift */,
				853B65C529AE029C005A5B34 /* Coodinator.swift */,
				853B65D329AF0935005A5B34 /* UITextField.swift */,
			);
			path = Utils;
			sourceTree = "<group>";
		};
		85E73ACB29839689008B0148 /* Fonts */ = {
			isa = PBXGroup;
			children = (
				853C7FF729AAC3D600A889A9 /* AllertaStencil-Regular.ttf */,
				853C7FF129A93D6100A889A9 /* NotoSansKR-Black.otf */,
				853C7FEF29A93D6000A889A9 /* NotoSansKR-Bold.otf */,
				853C7FF329A93D6100A889A9 /* NotoSansKR-Light.otf */,
				853C7FF429A93D6200A889A9 /* NotoSansKR-Medium.otf */,
				853C7FF029A93D6100A889A9 /* NotoSansKR-Regular.otf */,
				853C7FF229A93D6100A889A9 /* NotoSansKR-Thin.otf */,
			);
			path = Fonts;
			sourceTree = "<group>";
		};
		85E73ACC29839694008B0148 /* Components */ = {
			isa = PBXGroup;
			children = (
				853C7FFF29AB973800A889A9 /* AGButton.swift */,
				853B65CD29AE4C86005A5B34 /* AGTopBar.swift */,
				853B65CF29AEFF3C005A5B34 /* AGTextField.swift */,
				853B65D529AF0BD1005A5B34 /* AGDivideLine.swift */,
				853B65DC29AF4E7C005A5B34 /* AGBackButton.swift */,
				85914E0629B2F94E003BF4DC /* AGHeader.swift */,
				8513B24629B895AA000FE8DD /* AGFeedItem.swift */,
				85C5F84329B9BA1000B62A06 /* AGSearchBar.swift */,
			);
			path = Components;
			sourceTree = "<group>";
		};
		85E73ACD298396A0008B0148 /* Services */ = {
			isa = PBXGroup;
			children = (
				8570108129D8068400FFFD04 /* FirebaseAuthService.swift */,
			);
			path = Services;
			sourceTree = "<group>";
		};
/* End PBXGroup section */

/* Begin PBXNativeTarget section */
		85E73AA12982DC1F008B0148 /* iOS-Again */ = {
			isa = PBXNativeTarget;
			buildConfigurationList = 85E73AB92982DC21008B0148 /* Build configuration list for PBXNativeTarget "iOS-Again" */;
			buildPhases = (
				85E73A9E2982DC1F008B0148 /* Sources */,
				85E73A9F2982DC1F008B0148 /* Frameworks */,
				85E73AA02982DC1F008B0148 /* Resources */,
			);
			buildRules = (
			);
			dependencies = (
			);
			name = "iOS-Again";
			packageProductDependencies = (
				85E73ABD2982DD67008B0148 /* SnapKit */,
				853B65D829AF47D4005A5B34 /* RxCocoa */,
				853B65DA29AF47D4005A5B34 /* RxSwift */,
				85E4FA5429D44605001F5341 /* FirebaseAuth */,
				85E4FA5729D446AE001F5341 /* GoogleSignIn */,
				85E4FA5929D446AE001F5341 /* GoogleSignInSwift */,
			);
			productName = "iOS-Again";
			productReference = 85E73AA22982DC1F008B0148 /* iOS-Again.app */;
			productType = "com.apple.product-type.application";
		};
/* End PBXNativeTarget section */

/* Begin PBXProject section */
		85E73A9A2982DC1F008B0148 /* Project object */ = {
			isa = PBXProject;
			attributes = {
				BuildIndependentTargetsInParallel = 1;
				LastSwiftUpdateCheck = 1420;
				LastUpgradeCheck = 1420;
				TargetAttributes = {
					85E73AA12982DC1F008B0148 = {
						CreatedOnToolsVersion = 14.2;
					};
				};
			};
			buildConfigurationList = 85E73A9D2982DC1F008B0148 /* Build configuration list for PBXProject "iOS-Again" */;
			compatibilityVersion = "Xcode 14.0";
			developmentRegion = en;
			hasScannedForEncodings = 0;
			knownRegions = (
				en,
				Base,
			);
			mainGroup = 85E73A992982DC1F008B0148;
			packageReferences = (
				85E73ABC2982DD67008B0148 /* XCRemoteSwiftPackageReference "SnapKit" */,
				853B65D729AF47D4005A5B34 /* XCRemoteSwiftPackageReference "RxSwift" */,
				85E4FA5329D44605001F5341 /* XCRemoteSwiftPackageReference "firebase-ios-sdk" */,
				85E4FA5629D446AE001F5341 /* XCRemoteSwiftPackageReference "GoogleSignIn-iOS" */,
			);
			productRefGroup = 85E73AA32982DC1F008B0148 /* Products */;
			projectDirPath = "";
			projectRoot = "";
			targets = (
				85E73AA12982DC1F008B0148 /* iOS-Again */,
			);
		};
/* End PBXProject section */

/* Begin PBXResourcesBuildPhase section */
		85E73AA02982DC1F008B0148 /* Resources */ = {
			isa = PBXResourcesBuildPhase;
			buildActionMask = 2147483647;
			files = (
				853C7FFE29AACE2C00A889A9 /* NotoSansKR-Bold.otf in Resources */,
				85E73AB52982DC21008B0148 /* LaunchScreen.storyboard in Resources */,
				85E73AB22982DC21008B0148 /* Assets.xcassets in Resources */,
				85E73AD129840CBC008B0148 /* GoogleService-Info.plist in Resources */,
				853C7FFC29AACE2C00A889A9 /* AllertaStencil-Regular.ttf in Resources */,
				853C7FF929AACE2C00A889A9 /* NotoSansKR-Black.otf in Resources */,
				853C7FFB29AACE2C00A889A9 /* NotoSansKR-Medium.otf in Resources */,
				853C7FFD29AACE2C00A889A9 /* NotoSansKR-Light.otf in Resources */,
				85E73AAD2982DC1F008B0148 /* Main.storyboard in Resources */,
				853C7FF829AACE2C00A889A9 /* NotoSansKR-Thin.otf in Resources */,
				853C7FFA29AACE2C00A889A9 /* NotoSansKR-Regular.otf in Resources */,
			);
			runOnlyForDeploymentPostprocessing = 0;
		};
/* End PBXResourcesBuildPhase section */

/* Begin PBXSourcesBuildPhase section */
		85E73A9E2982DC1F008B0148 /* Sources */ = {
			isa = PBXSourcesBuildPhase;
			buildActionMask = 2147483647;
			files = (
				85C5F84229B99F4A00B62A06 /* SearchViewCoodinator.swift in Sources */,
				85E73AAA2982DC1F008B0148 /* RootViewController.swift in Sources */,
				853B65E329AFE652005A5B34 /* SignupCoodinator.swift in Sources */,
				853B65C629AE029C005A5B34 /* Coodinator.swift in Sources */,
				853B65E129AF6AC7005A5B34 /* SignupViewController.swift in Sources */,
				853C800029AB973800A889A9 /* AGButton.swift in Sources */,
				853B65EB29B0908B005A5B34 /* SignupAccountCoodinator.swift in Sources */,
				853B65F129B0C33A005A5B34 /* FeedCoodinator.swift in Sources */,
				853B65CC29AE4BC4005A5B34 /* SigninCoodinator.swift in Sources */,
				853B65D629AF0BD1005A5B34 /* AGDivideLine.swift in Sources */,
				853B65CA29AE04C3005A5B34 /* RootCoodinator.swift in Sources */,
				853B65C029ADE714005A5B34 /* Snapkit.swift in Sources */,
				85E4FA5F29D4FD73001F5341 /* SignupAccountViewModel.swift in Sources */,
				853B65BE29ADE50A005A5B34 /* UILabel.swift in Sources */,
				85C5F83F29B99EC000B62A06 /* SearchViewController.swift in Sources */,
				853B65E929B01CF4005A5B34 /* SignupAccountViewController.swift in Sources */,
				85C5F84829BA233200B62A06 /* GroupGuideModalViewController.swift in Sources */,
				853B65E729B0120E005A5B34 /* SignupDetailCoodinator.swift in Sources */,
				853B65C829AE02E6005A5B34 /* AppCoodinator.swift in Sources */,
				85E73AA62982DC1F008B0148 /* AppDelegate.swift in Sources */,
				853B65ED29B093C2005A5B34 /* UserRegisterationModel.swift in Sources */,
				8513B24529B88DAC000FE8DD /* MainViewController.swift in Sources */,
				853C7FEE29A8F49C00A889A9 /* UIViewController.swift in Sources */,
				853C7FF629AAB41500A889A9 /* UIFont.swift in Sources */,
				853B65D429AF0935005A5B34 /* UITextField.swift in Sources */,
				85E73AA82982DC1F008B0148 /* SceneDelegate.swift in Sources */,
				85C5F84629BA231D00B62A06 /* GroupGuideModalCoodinator.swift in Sources */,
				85E4FA5229D4404F001F5341 /* SignupViewModel.swift in Sources */,
				8513B24729B895AA000FE8DD /* AGFeedItem.swift in Sources */,
				853B65DD29AF4E7C005A5B34 /* AGBackButton.swift in Sources */,
				853B65C429AE016D005A5B34 /* SigninViewController.swift in Sources */,
				85C5F84429B9BA1000B62A06 /* AGSearchBar.swift in Sources */,
				853B65D029AEFF3C005A5B34 /* AGTextField.swift in Sources */,
				85914E0729B2F94E003BF4DC /* AGHeader.swift in Sources */,
				8570108229D8068400FFFD04 /* FirebaseAuthService.swift in Sources */,
				853B65CE29AE4C86005A5B34 /* AGTopBar.swift in Sources */,
				85C5F84A29BA2E8D00B62A06 /* GroupCoodinator.swift in Sources */,
				853B65EF29B0BC88005A5B34 /* FeedViewController.swift in Sources */,
				853B65C229ADFF65005A5B34 /* UIButton.swift in Sources */,
				85C5F84C29BA2EDF00B62A06 /* GroupViewController.swift in Sources */,
				8513B24329B847C5000FE8DD /* MainCoodinator.swift in Sources */,
				853B65E529B00D60005A5B34 /* SignupDetailViewController.swift in Sources */,
			);
			runOnlyForDeploymentPostprocessing = 0;
		};
/* End PBXSourcesBuildPhase section */

/* Begin PBXVariantGroup section */
		85E73AAB2982DC1F008B0148 /* Main.storyboard */ = {
			isa = PBXVariantGroup;
			children = (
				85E73AAC2982DC1F008B0148 /* Base */,
			);
			name = Main.storyboard;
			sourceTree = "<group>";
		};
		85E73AB32982DC21008B0148 /* LaunchScreen.storyboard */ = {
			isa = PBXVariantGroup;
			children = (
				85E73AB42982DC21008B0148 /* Base */,
			);
			name = LaunchScreen.storyboard;
			sourceTree = "<group>";
		};
/* End PBXVariantGroup section */

/* Begin XCBuildConfiguration section */
		85E73AB72982DC21008B0148 /* Debug */ = {
			isa = XCBuildConfiguration;
			buildSettings = {
				ALWAYS_SEARCH_USER_PATHS = NO;
				CLANG_ANALYZER_NONNULL = YES;
				CLANG_ANALYZER_NUMBER_OBJECT_CONVERSION = YES_AGGRESSIVE;
				CLANG_CXX_LANGUAGE_STANDARD = "gnu++20";
				CLANG_ENABLE_MODULES = YES;
				CLANG_ENABLE_OBJC_ARC = YES;
				CLANG_ENABLE_OBJC_WEAK = YES;
				CLANG_WARN_BLOCK_CAPTURE_AUTORELEASING = YES;
				CLANG_WARN_BOOL_CONVERSION = YES;
				CLANG_WARN_COMMA = YES;
				CLANG_WARN_CONSTANT_CONVERSION = YES;
				CLANG_WARN_DEPRECATED_OBJC_IMPLEMENTATIONS = YES;
				CLANG_WARN_DIRECT_OBJC_ISA_USAGE = YES_ERROR;
				CLANG_WARN_DOCUMENTATION_COMMENTS = YES;
				CLANG_WARN_EMPTY_BODY = YES;
				CLANG_WARN_ENUM_CONVERSION = YES;
				CLANG_WARN_INFINITE_RECURSION = YES;
				CLANG_WARN_INT_CONVERSION = YES;
				CLANG_WARN_NON_LITERAL_NULL_CONVERSION = YES;
				CLANG_WARN_OBJC_IMPLICIT_RETAIN_SELF = YES;
				CLANG_WARN_OBJC_LITERAL_CONVERSION = YES;
				CLANG_WARN_OBJC_ROOT_CLASS = YES_ERROR;
				CLANG_WARN_QUOTED_INCLUDE_IN_FRAMEWORK_HEADER = YES;
				CLANG_WARN_RANGE_LOOP_ANALYSIS = YES;
				CLANG_WARN_STRICT_PROTOTYPES = YES;
				CLANG_WARN_SUSPICIOUS_MOVE = YES;
				CLANG_WARN_UNGUARDED_AVAILABILITY = YES_AGGRESSIVE;
				CLANG_WARN_UNREACHABLE_CODE = YES;
				CLANG_WARN__DUPLICATE_METHOD_MATCH = YES;
				COPY_PHASE_STRIP = NO;
				DEBUG_INFORMATION_FORMAT = dwarf;
				ENABLE_STRICT_OBJC_MSGSEND = YES;
				ENABLE_TESTABILITY = YES;
				GCC_C_LANGUAGE_STANDARD = gnu11;
				GCC_DYNAMIC_NO_PIC = NO;
				GCC_NO_COMMON_BLOCKS = YES;
				GCC_OPTIMIZATION_LEVEL = 0;
				GCC_PREPROCESSOR_DEFINITIONS = (
					"DEBUG=1",
					"$(inherited)",
				);
				GCC_WARN_64_TO_32_BIT_CONVERSION = YES;
				GCC_WARN_ABOUT_RETURN_TYPE = YES_ERROR;
				GCC_WARN_UNDECLARED_SELECTOR = YES;
				GCC_WARN_UNINITIALIZED_AUTOS = YES_AGGRESSIVE;
				GCC_WARN_UNUSED_FUNCTION = YES;
				GCC_WARN_UNUSED_VARIABLE = YES;
				IPHONEOS_DEPLOYMENT_TARGET = 16.2;
				MTL_ENABLE_DEBUG_INFO = INCLUDE_SOURCE;
				MTL_FAST_MATH = YES;
				ONLY_ACTIVE_ARCH = YES;
				SDKROOT = iphoneos;
				SWIFT_ACTIVE_COMPILATION_CONDITIONS = DEBUG;
				SWIFT_OPTIMIZATION_LEVEL = "-Onone";
			};
			name = Debug;
		};
		85E73AB82982DC21008B0148 /* Release */ = {
			isa = XCBuildConfiguration;
			buildSettings = {
				ALWAYS_SEARCH_USER_PATHS = NO;
				CLANG_ANALYZER_NONNULL = YES;
				CLANG_ANALYZER_NUMBER_OBJECT_CONVERSION = YES_AGGRESSIVE;
				CLANG_CXX_LANGUAGE_STANDARD = "gnu++20";
				CLANG_ENABLE_MODULES = YES;
				CLANG_ENABLE_OBJC_ARC = YES;
				CLANG_ENABLE_OBJC_WEAK = YES;
				CLANG_WARN_BLOCK_CAPTURE_AUTORELEASING = YES;
				CLANG_WARN_BOOL_CONVERSION = YES;
				CLANG_WARN_COMMA = YES;
				CLANG_WARN_CONSTANT_CONVERSION = YES;
				CLANG_WARN_DEPRECATED_OBJC_IMPLEMENTATIONS = YES;
				CLANG_WARN_DIRECT_OBJC_ISA_USAGE = YES_ERROR;
				CLANG_WARN_DOCUMENTATION_COMMENTS = YES;
				CLANG_WARN_EMPTY_BODY = YES;
				CLANG_WARN_ENUM_CONVERSION = YES;
				CLANG_WARN_INFINITE_RECURSION = YES;
				CLANG_WARN_INT_CONVERSION = YES;
				CLANG_WARN_NON_LITERAL_NULL_CONVERSION = YES;
				CLANG_WARN_OBJC_IMPLICIT_RETAIN_SELF = YES;
				CLANG_WARN_OBJC_LITERAL_CONVERSION = YES;
				CLANG_WARN_OBJC_ROOT_CLASS = YES_ERROR;
				CLANG_WARN_QUOTED_INCLUDE_IN_FRAMEWORK_HEADER = YES;
				CLANG_WARN_RANGE_LOOP_ANALYSIS = YES;
				CLANG_WARN_STRICT_PROTOTYPES = YES;
				CLANG_WARN_SUSPICIOUS_MOVE = YES;
				CLANG_WARN_UNGUARDED_AVAILABILITY = YES_AGGRESSIVE;
				CLANG_WARN_UNREACHABLE_CODE = YES;
				CLANG_WARN__DUPLICATE_METHOD_MATCH = YES;
				COPY_PHASE_STRIP = NO;
				DEBUG_INFORMATION_FORMAT = "dwarf-with-dsym";
				ENABLE_NS_ASSERTIONS = NO;
				ENABLE_STRICT_OBJC_MSGSEND = YES;
				GCC_C_LANGUAGE_STANDARD = gnu11;
				GCC_NO_COMMON_BLOCKS = YES;
				GCC_WARN_64_TO_32_BIT_CONVERSION = YES;
				GCC_WARN_ABOUT_RETURN_TYPE = YES_ERROR;
				GCC_WARN_UNDECLARED_SELECTOR = YES;
				GCC_WARN_UNINITIALIZED_AUTOS = YES_AGGRESSIVE;
				GCC_WARN_UNUSED_FUNCTION = YES;
				GCC_WARN_UNUSED_VARIABLE = YES;
				IPHONEOS_DEPLOYMENT_TARGET = 16.2;
				MTL_ENABLE_DEBUG_INFO = NO;
				MTL_FAST_MATH = YES;
				SDKROOT = iphoneos;
				SWIFT_COMPILATION_MODE = wholemodule;
				SWIFT_OPTIMIZATION_LEVEL = "-O";
				VALIDATE_PRODUCT = YES;
			};
			name = Release;
		};
		85E73ABA2982DC21008B0148 /* Debug */ = {
			isa = XCBuildConfiguration;
			buildSettings = {
				ASSETCATALOG_COMPILER_APPICON_NAME = AppIcon;
				ASSETCATALOG_COMPILER_GLOBAL_ACCENT_COLOR_NAME = AccentColor;
				CODE_SIGN_ENTITLEMENTS = "iOS-Again/iOS-Again.entitlements";
				CODE_SIGN_IDENTITY = "Apple Development";
				CODE_SIGN_STYLE = Automatic;
				CURRENT_PROJECT_VERSION = 1;
				DEVELOPMENT_TEAM = 2QA54Q67C3;
				GENERATE_INFOPLIST_FILE = YES;
				INFOPLIST_FILE = "iOS-Again/Info.plist";
				INFOPLIST_KEY_CFBundleDisplayName = "'A'gain";
				INFOPLIST_KEY_LSApplicationCategoryType = "public.app-category.social-networking";
				INFOPLIST_KEY_UIApplicationSupportsIndirectInputEvents = YES;
				INFOPLIST_KEY_UILaunchStoryboardName = LaunchScreen.storyboard;
				INFOPLIST_KEY_UIMainStoryboardFile = Main;
				INFOPLIST_KEY_UIStatusBarStyle = UIStatusBarStyleLightContent;
				INFOPLIST_KEY_UISupportedInterfaceOrientations = UIInterfaceOrientationPortrait;
				INFOPLIST_KEY_UISupportedInterfaceOrientations_iPad = "UIInterfaceOrientationLandscapeLeft UIInterfaceOrientationLandscapeRight UIInterfaceOrientationPortrait UIInterfaceOrientationPortraitUpsideDown";
				INFOPLIST_KEY_UIUserInterfaceStyle = Light;
				IPHONEOS_DEPLOYMENT_TARGET = 15.0;
				LD_RUNPATH_SEARCH_PATHS = (
					"$(inherited)",
					"@executable_path/Frameworks",
				);
				MARKETING_VERSION = 1.0;
				PRODUCT_BUNDLE_IDENTIFIER = "com.DDang.iOS-Again";
				PRODUCT_NAME = "$(TARGET_NAME)";
				PROVISIONING_PROFILE_SPECIFIER = "";
				SUPPORTED_PLATFORMS = "iphoneos iphonesimulator";
				SUPPORTS_MACCATALYST = NO;
				SUPPORTS_MAC_DESIGNED_FOR_IPHONE_IPAD = NO;
				SWIFT_EMIT_LOC_STRINGS = YES;
				SWIFT_VERSION = 5.0;
				TARGETED_DEVICE_FAMILY = 1;
			};
			name = Debug;
		};
		85E73ABB2982DC21008B0148 /* Release */ = {
			isa = XCBuildConfiguration;
			buildSettings = {
				ASSETCATALOG_COMPILER_APPICON_NAME = AppIcon;
				ASSETCATALOG_COMPILER_GLOBAL_ACCENT_COLOR_NAME = AccentColor;
				CODE_SIGN_ENTITLEMENTS = "iOS-Again/iOS-Again.entitlements";
				CODE_SIGN_IDENTITY = "Apple Development";
				CODE_SIGN_STYLE = Automatic;
				CURRENT_PROJECT_VERSION = 1;
				DEVELOPMENT_TEAM = 2QA54Q67C3;
				GENERATE_INFOPLIST_FILE = YES;
				INFOPLIST_FILE = "iOS-Again/Info.plist";
				INFOPLIST_KEY_CFBundleDisplayName = "'A'gain";
				INFOPLIST_KEY_LSApplicationCategoryType = "public.app-category.social-networking";
				INFOPLIST_KEY_UIApplicationSupportsIndirectInputEvents = YES;
				INFOPLIST_KEY_UILaunchStoryboardName = LaunchScreen.storyboard;
				INFOPLIST_KEY_UIMainStoryboardFile = Main;
				INFOPLIST_KEY_UIStatusBarStyle = UIStatusBarStyleLightContent;
				INFOPLIST_KEY_UISupportedInterfaceOrientations = UIInterfaceOrientationPortrait;
				INFOPLIST_KEY_UISupportedInterfaceOrientations_iPad = "UIInterfaceOrientationLandscapeLeft UIInterfaceOrientationLandscapeRight UIInterfaceOrientationPortrait UIInterfaceOrientationPortraitUpsideDown";
				INFOPLIST_KEY_UIUserInterfaceStyle = Light;
				IPHONEOS_DEPLOYMENT_TARGET = 15.0;
				LD_RUNPATH_SEARCH_PATHS = (
					"$(inherited)",
					"@executable_path/Frameworks",
				);
				MARKETING_VERSION = 1.0;
				PRODUCT_BUNDLE_IDENTIFIER = "com.DDang.iOS-Again";
				PRODUCT_NAME = "$(TARGET_NAME)";
				PROVISIONING_PROFILE_SPECIFIER = "";
				SUPPORTED_PLATFORMS = "iphoneos iphonesimulator";
				SUPPORTS_MACCATALYST = NO;
				SUPPORTS_MAC_DESIGNED_FOR_IPHONE_IPAD = NO;
				SWIFT_EMIT_LOC_STRINGS = YES;
				SWIFT_VERSION = 5.0;
				TARGETED_DEVICE_FAMILY = 1;
			};
			name = Release;
		};
/* End XCBuildConfiguration section */

/* Begin XCConfigurationList section */
		85E73A9D2982DC1F008B0148 /* Build configuration list for PBXProject "iOS-Again" */ = {
			isa = XCConfigurationList;
			buildConfigurations = (
				85E73AB72982DC21008B0148 /* Debug */,
				85E73AB82982DC21008B0148 /* Release */,
			);
			defaultConfigurationIsVisible = 0;
			defaultConfigurationName = Release;
		};
		85E73AB92982DC21008B0148 /* Build configuration list for PBXNativeTarget "iOS-Again" */ = {
			isa = XCConfigurationList;
			buildConfigurations = (
				85E73ABA2982DC21008B0148 /* Debug */,
				85E73ABB2982DC21008B0148 /* Release */,
			);
			defaultConfigurationIsVisible = 0;
			defaultConfigurationName = Release;
		};
/* End XCConfigurationList section */

/* Begin XCRemoteSwiftPackageReference section */
		853B65D729AF47D4005A5B34 /* XCRemoteSwiftPackageReference "RxSwift" */ = {
			isa = XCRemoteSwiftPackageReference;
			repositoryURL = "https://github.com/ReactiveX/RxSwift.git";
			requirement = {
				branch = main;
				kind = branch;
			};
		};
		85E4FA5329D44605001F5341 /* XCRemoteSwiftPackageReference "firebase-ios-sdk" */ = {
			isa = XCRemoteSwiftPackageReference;
			repositoryURL = "https://github.com/firebase/firebase-ios-sdk";
			requirement = {
				branch = master;
				kind = branch;
			};
		};
		85E4FA5629D446AE001F5341 /* XCRemoteSwiftPackageReference "GoogleSignIn-iOS" */ = {
			isa = XCRemoteSwiftPackageReference;
			repositoryURL = "https://github.com/google/GoogleSignIn-iOS";
			requirement = {
				kind = upToNextMajorVersion;
				minimumVersion = 7.0.0;
			};
		};
		85E73ABC2982DD67008B0148 /* XCRemoteSwiftPackageReference "SnapKit" */ = {
			isa = XCRemoteSwiftPackageReference;
			repositoryURL = "https://github.com/SnapKit/SnapKit.git";
			requirement = {
				branch = develop;
				kind = branch;
			};
		};
/* End XCRemoteSwiftPackageReference section */

/* Begin XCSwiftPackageProductDependency section */
		853B65D829AF47D4005A5B34 /* RxCocoa */ = {
			isa = XCSwiftPackageProductDependency;
			package = 853B65D729AF47D4005A5B34 /* XCRemoteSwiftPackageReference "RxSwift" */;
			productName = RxCocoa;
		};
		853B65DA29AF47D4005A5B34 /* RxSwift */ = {
			isa = XCSwiftPackageProductDependency;
			package = 853B65D729AF47D4005A5B34 /* XCRemoteSwiftPackageReference "RxSwift" */;
			productName = RxSwift;
		};
		85E4FA5429D44605001F5341 /* FirebaseAuth */ = {
			isa = XCSwiftPackageProductDependency;
			package = 85E4FA5329D44605001F5341 /* XCRemoteSwiftPackageReference "firebase-ios-sdk" */;
			productName = FirebaseAuth;
		};
		85E4FA5729D446AE001F5341 /* GoogleSignIn */ = {
			isa = XCSwiftPackageProductDependency;
			package = 85E4FA5629D446AE001F5341 /* XCRemoteSwiftPackageReference "GoogleSignIn-iOS" */;
			productName = GoogleSignIn;
		};
		85E4FA5929D446AE001F5341 /* GoogleSignInSwift */ = {
			isa = XCSwiftPackageProductDependency;
			package = 85E4FA5629D446AE001F5341 /* XCRemoteSwiftPackageReference "GoogleSignIn-iOS" */;
			productName = GoogleSignInSwift;
		};
		85E73ABD2982DD67008B0148 /* SnapKit */ = {
			isa = XCSwiftPackageProductDependency;
			package = 85E73ABC2982DD67008B0148 /* XCRemoteSwiftPackageReference "SnapKit" */;
			productName = SnapKit;
		};
/* End XCSwiftPackageProductDependency section */
	};
	rootObject = 85E73A9A2982DC1F008B0148 /* Project object */;
}
